{
  "name": "nodejs16",
  "version": "1.0.0",
  "lockfileVersion": 2,
  "requires": true,
  "packages": {
    "": {
      "name": "nodejs16",
      "version": "1.0.0",
      "license": "ISC",
      "dependencies": {
        "emoji-poop": "^1.3.0"
      }
    },
    "node_modules/emoji-poop": {
      "version": "1.3.0",
      "resolved": "https://registry.npmjs.org/emoji-poop/-/emoji-poop-1.3.0.tgz",
      "integrity": "sha1-OQUPm+loGLFvkdGhntDZiE4Z4DU="
    }
  },
  "dependencies": {
    "emoji-poop": {
      "version": "1.3.0",
      "resolved": "https://registry.npmjs.org/emoji-poop/-/emoji-poop-1.3.0.tgz",
      "integrity": "sha1-OQUPm+loGLFvkdGhntDZiE4Z4DU="
    }
  }
}
